
Microsoft Visual Studio Solution File, Format Version 12.00
# Visual Studio Version 16
VisualStudioVersion = 16.0.30011.22
MinimumVisualStudioVersion = 10.0.40219.1
Project("{FAE04EC0-301F-11D3-BF4B-00C04F79EFBC}") = "MinhaDemoMvc", "MinhaDemoMvc\MinhaDemoMvc.csproj", "{BFD7AB55-F310-4A17-B0CD-84B86DD8D53B}"
EndProject
Global
	GlobalSection(SolutionConfigurationPlatforms) = preSolution
		Debug|Any CPU = Debug|Any CPU
		Release|Any CPU = Release|Any CPU
	EndGlobalSection
	GlobalSection(ProjectConfigurationPlatforms) = postSolution
		{BFD7AB55-F310-4A17-B0CD-84B86DD8D53B}.Debug|Any CPU.ActiveCfg = Debug|Any CPU
		{BFD7AB55-F310-4A17-B0CD-84B86DD8D53B}.Debug|Any CPU.Build.0 = Debug|Any CPU
		{BFD7AB55-F310-4A17-B0CD-84B86DD8D53B}.Release|Any CPU.ActiveCfg = Release|Any CPU
		{BFD7AB55-F310-4A17-B0CD-84B86DD8D53B}.Release|Any CPU.Build.0 = Release|Any CPU
	EndGlobalSection
	GlobalSection(SolutionProperties) = preSolution
		HideSolutionNode = FALSE
	EndGlobalSection
	GlobalSection(ExtensibilityGlobals) = postSolution
		SolutionGuid = {30F4535D-0535-407F-BA03-5FD5EF72368E}
	EndGlobalSection
EndGlobal
